
Microsoft Visual Studio Solution File, Format Version 12.00
# Visual Studio Version 17
VisualStudioVersion = 17.0.31903.59
MinimumVisualStudioVersion = 10.0.40219.1
Project("{FAE04EC0-301F-11D3-BF4B-00C04F79EFBC}") = "Noe.API", "Noe.API\Noe.API.csproj", "{EE7B1F76-B505-40C2-9887-E9953010B7CF}"
EndProject
Project("{FAE04EC0-301F-11D3-BF4B-00C04F79EFBC}") = "Noe.BLL", "Noe.BLL\Noe.BLL.csproj", "{FEE9B9A7-9C51-4148-A6E2-7E6E01F70D07}"
EndProject
Project("{FAE04EC0-301F-11D3-BF4B-00C04F79EFBC}") = "Noe.DAL", "Noe.DAL\Noe.DAL.csproj", "{DA73F60C-6F0D-47BF-B6D0-A96F66186C9F}"
EndProject
Project("{FAE04EC0-301F-11D3-BF4B-00C04F79EFBC}") = "Noe.Models", "Noe.Models\Noe.Models.csproj", "{B9242665-D6CA-4D59-87AA-820E1658FDFC}"
EndProject
Global
	GlobalSection(SolutionConfigurationPlatforms) = preSolution
		Debug|Any CPU = Debug|Any CPU
		Release|Any CPU = Release|Any CPU
	EndGlobalSection
	GlobalSection(SolutionProperties) = preSolution
		HideSolutionNode = FALSE
	EndGlobalSection
	GlobalSection(ProjectConfigurationPlatforms) = postSolution
		{EE7B1F76-B505-40C2-9887-E9953010B7CF}.Debug|Any CPU.ActiveCfg = Debug|Any CPU
		{EE7B1F76-B505-40C2-9887-E9953010B7CF}.Debug|Any CPU.Build.0 = Debug|Any CPU
		{EE7B1F76-B505-40C2-9887-E9953010B7CF}.Release|Any CPU.ActiveCfg = Release|Any CPU
		{EE7B1F76-B505-40C2-9887-E9953010B7CF}.Release|Any CPU.Build.0 = Release|Any CPU
		{FEE9B9A7-9C51-4148-A6E2-7E6E01F70D07}.Debug|Any CPU.ActiveCfg = Debug|Any CPU
		{FEE9B9A7-9C51-4148-A6E2-7E6E01F70D07}.Debug|Any CPU.Build.0 = Debug|Any CPU
		{FEE9B9A7-9C51-4148-A6E2-7E6E01F70D07}.Release|Any CPU.ActiveCfg = Release|Any CPU
		{FEE9B9A7-9C51-4148-A6E2-7E6E01F70D07}.Release|Any CPU.Build.0 = Release|Any CPU
		{DA73F60C-6F0D-47BF-B6D0-A96F66186C9F}.Debug|Any CPU.ActiveCfg = Debug|Any CPU
		{DA73F60C-6F0D-47BF-B6D0-A96F66186C9F}.Debug|Any CPU.Build.0 = Debug|Any CPU
		{DA73F60C-6F0D-47BF-B6D0-A96F66186C9F}.Release|Any CPU.ActiveCfg = Release|Any CPU
		{DA73F60C-6F0D-47BF-B6D0-A96F66186C9F}.Release|Any CPU.Build.0 = Release|Any CPU
		{B9242665-D6CA-4D59-87AA-820E1658FDFC}.Debug|Any CPU.ActiveCfg = Debug|Any CPU
		{B9242665-D6CA-4D59-87AA-820E1658FDFC}.Debug|Any CPU.Build.0 = Debug|Any CPU
		{B9242665-D6CA-4D59-87AA-820E1658FDFC}.Release|Any CPU.ActiveCfg = Release|Any CPU
		{B9242665-D6CA-4D59-87AA-820E1658FDFC}.Release|Any CPU.Build.0 = Release|Any CPU
	EndGlobalSection
EndGlobal
